
Microsoft Visual Studio Solution File, Format Version 12.00
# Visual Studio Version 17
VisualStudioVersion = 17.14.36119.2
MinimumVisualStudioVersion = 10.0.40219.1
Project("{2150E333-8FDC-42A3-9474-1A3956D46DE8}") = "src", "src", "{02EA681E-C7D8-13C7-8484-4AC65E1B71E8}"
EndProject
Project("{2150E333-8FDC-42A3-9474-1A3956D46DE8}") = "core", "core", "{2BDFAC68-81FC-4B80-B3E0-7D03969D79CC}"
EndProject
Project("{FAE04EC0-301F-11D3-BF4B-00C04F79EFBC}") = "Domain", "Domain\Domain.csproj", "{D8AF930D-10A9-4B21-ADB3-D5C63D85811D}"
EndProject
Project("{FAE04EC0-301F-11D3-BF4B-00C04F79EFBC}") = "Application", "Application\Application.csproj", "{01C1B502-6679-4DFF-9713-5BB3AEEEB959}"
EndProject
Project("{FAE04EC0-301F-11D3-BF4B-00C04F79EFBC}") = "Infrastructure", "Infrastructure\Infrastructure.csproj", "{B185C2BC-661D-41AE-88C5-8083E4BFCF24}"
EndProject
Project("{FAE04EC0-301F-11D3-BF4B-00C04F79EFBC}") = "WebAPI", "WebAPI\WebAPI.csproj", "{B96E2AC2-DF6A-47FC-80D0-60966B1B50CA}"
EndProject
Global
	GlobalSection(SolutionConfigurationPlatforms) = preSolution
		Debug|Any CPU = Debug|Any CPU
		Release|Any CPU = Release|Any CPU
	EndGlobalSection
	GlobalSection(ProjectConfigurationPlatforms) = postSolution
		{D8AF930D-10A9-4B21-ADB3-D5C63D85811D}.Debug|Any CPU.ActiveCfg = Debug|Any CPU
		{D8AF930D-10A9-4B21-ADB3-D5C63D85811D}.Debug|Any CPU.Build.0 = Debug|Any CPU
		{D8AF930D-10A9-4B21-ADB3-D5C63D85811D}.Release|Any CPU.ActiveCfg = Release|Any CPU
		{D8AF930D-10A9-4B21-ADB3-D5C63D85811D}.Release|Any CPU.Build.0 = Release|Any CPU
		{01C1B502-6679-4DFF-9713-5BB3AEEEB959}.Debug|Any CPU.ActiveCfg = Debug|Any CPU
		{01C1B502-6679-4DFF-9713-5BB3AEEEB959}.Debug|Any CPU.Build.0 = Debug|Any CPU
		{01C1B502-6679-4DFF-9713-5BB3AEEEB959}.Release|Any CPU.ActiveCfg = Release|Any CPU
		{01C1B502-6679-4DFF-9713-5BB3AEEEB959}.Release|Any CPU.Build.0 = Release|Any CPU
		{B185C2BC-661D-41AE-88C5-8083E4BFCF24}.Debug|Any CPU.ActiveCfg = Debug|Any CPU
		{B185C2BC-661D-41AE-88C5-8083E4BFCF24}.Debug|Any CPU.Build.0 = Debug|Any CPU
		{B185C2BC-661D-41AE-88C5-8083E4BFCF24}.Release|Any CPU.ActiveCfg = Release|Any CPU
		{B185C2BC-661D-41AE-88C5-8083E4BFCF24}.Release|Any CPU.Build.0 = Release|Any CPU
		{B96E2AC2-DF6A-47FC-80D0-60966B1B50CA}.Debug|Any CPU.ActiveCfg = Debug|Any CPU
		{B96E2AC2-DF6A-47FC-80D0-60966B1B50CA}.Debug|Any CPU.Build.0 = Debug|Any CPU
		{B96E2AC2-DF6A-47FC-80D0-60966B1B50CA}.Release|Any CPU.ActiveCfg = Release|Any CPU
		{B96E2AC2-DF6A-47FC-80D0-60966B1B50CA}.Release|Any CPU.Build.0 = Release|Any CPU
	EndGlobalSection
	GlobalSection(SolutionProperties) = preSolution
		HideSolutionNode = FALSE
	EndGlobalSection
	GlobalSection(NestedProjects) = preSolution
		{2BDFAC68-81FC-4B80-B3E0-7D03969D79CC} = {02EA681E-C7D8-13C7-8484-4AC65E1B71E8}
		{D8AF930D-10A9-4B21-ADB3-D5C63D85811D} = {2BDFAC68-81FC-4B80-B3E0-7D03969D79CC}
		{01C1B502-6679-4DFF-9713-5BB3AEEEB959} = {2BDFAC68-81FC-4B80-B3E0-7D03969D79CC}
		{B185C2BC-661D-41AE-88C5-8083E4BFCF24} = {02EA681E-C7D8-13C7-8484-4AC65E1B71E8}
		{B96E2AC2-DF6A-47FC-80D0-60966B1B50CA} = {02EA681E-C7D8-13C7-8484-4AC65E1B71E8}
	EndGlobalSection
	GlobalSection(ExtensibilityGlobals) = postSolution
		SolutionGuid = {BC92E200-C6F2-4EDC-A3D7-273ED6E13B45}
	EndGlobalSection
EndGlobal
